
Microsoft Visual Studio Solution File, Format Version 12.00
# Visual Studio Version 17
VisualStudioVersion = 17.11.35312.102
MinimumVisualStudioVersion = 10.0.40219.1
Project("{2150E333-8FDC-42A3-9474-1A3956D46DE8}") = "Core", "Core", "{F3505EFF-C42F-49FD-98C2-2037B519A152}"
EndProject
Project("{FAE04EC0-301F-11D3-BF4B-00C04F79EFBC}") = "Domain", "Domain\Domain.csproj", "{99DFC9AE-F49D-49E1-BCCE-BE4C0AC7A02B}"
EndProject
Project("{FAE04EC0-301F-11D3-BF4B-00C04F79EFBC}") = "Application", "Application\Application.csproj", "{FC9A65D2-5B36-472F-93DA-5F0630F47F20}"
EndProject
Project("{FAE04EC0-301F-11D3-BF4B-00C04F79EFBC}") = "Infrastructure", "Infrastructure\Infrastructure.csproj", "{EE0ADB3B-DB16-4E68-8896-ECD3DB23E6AF}"
EndProject
Project("{FAE04EC0-301F-11D3-BF4B-00C04F79EFBC}") = "WebApi", "WebApi\WebApi.csproj", "{CCFDC2AD-2A02-4735-8F8C-5332E2D4F6E3}"
EndProject
Global
	GlobalSection(SolutionConfigurationPlatforms) = preSolution
		Debug|Any CPU = Debug|Any CPU
		Release|Any CPU = Release|Any CPU
	EndGlobalSection
	GlobalSection(ProjectConfigurationPlatforms) = postSolution
		{99DFC9AE-F49D-49E1-BCCE-BE4C0AC7A02B}.Debug|Any CPU.ActiveCfg = Debug|Any CPU
		{99DFC9AE-F49D-49E1-BCCE-BE4C0AC7A02B}.Debug|Any CPU.Build.0 = Debug|Any CPU
		{99DFC9AE-F49D-49E1-BCCE-BE4C0AC7A02B}.Release|Any CPU.ActiveCfg = Release|Any CPU
		{99DFC9AE-F49D-49E1-BCCE-BE4C0AC7A02B}.Release|Any CPU.Build.0 = Release|Any CPU
		{FC9A65D2-5B36-472F-93DA-5F0630F47F20}.Debug|Any CPU.ActiveCfg = Debug|Any CPU
		{FC9A65D2-5B36-472F-93DA-5F0630F47F20}.Debug|Any CPU.Build.0 = Debug|Any CPU
		{FC9A65D2-5B36-472F-93DA-5F0630F47F20}.Release|Any CPU.ActiveCfg = Release|Any CPU
		{FC9A65D2-5B36-472F-93DA-5F0630F47F20}.Release|Any CPU.Build.0 = Release|Any CPU
		{EE0ADB3B-DB16-4E68-8896-ECD3DB23E6AF}.Debug|Any CPU.ActiveCfg = Debug|Any CPU
		{EE0ADB3B-DB16-4E68-8896-ECD3DB23E6AF}.Debug|Any CPU.Build.0 = Debug|Any CPU
		{EE0ADB3B-DB16-4E68-8896-ECD3DB23E6AF}.Release|Any CPU.ActiveCfg = Release|Any CPU
		{EE0ADB3B-DB16-4E68-8896-ECD3DB23E6AF}.Release|Any CPU.Build.0 = Release|Any CPU
		{CCFDC2AD-2A02-4735-8F8C-5332E2D4F6E3}.Debug|Any CPU.ActiveCfg = Debug|Any CPU
		{CCFDC2AD-2A02-4735-8F8C-5332E2D4F6E3}.Debug|Any CPU.Build.0 = Debug|Any CPU
		{CCFDC2AD-2A02-4735-8F8C-5332E2D4F6E3}.Release|Any CPU.ActiveCfg = Release|Any CPU
		{CCFDC2AD-2A02-4735-8F8C-5332E2D4F6E3}.Release|Any CPU.Build.0 = Release|Any CPU
	EndGlobalSection
	GlobalSection(SolutionProperties) = preSolution
		HideSolutionNode = FALSE
	EndGlobalSection
	GlobalSection(NestedProjects) = preSolution
		{99DFC9AE-F49D-49E1-BCCE-BE4C0AC7A02B} = {F3505EFF-C42F-49FD-98C2-2037B519A152}
		{FC9A65D2-5B36-472F-93DA-5F0630F47F20} = {F3505EFF-C42F-49FD-98C2-2037B519A152}
	EndGlobalSection
	GlobalSection(ExtensibilityGlobals) = postSolution
		SolutionGuid = {91D0740F-5012-4965-8D4F-367AAA89874B}
	EndGlobalSection
EndGlobal
